
Microsoft Visual Studio Solution File, Format Version 12.00
# Visual Studio Version 16
VisualStudioVersion = 16.0.31321.278
MinimumVisualStudioVersion = 10.0.40219.1
Project("{8BC9CEB8-8B4A-11D0-8D11-00A0C91BC942}") = "hash2_prefix", "codingTest\codingTest.vcxproj", "{17F21BE3-EC3A-4B72-B84A-1E939D9C3908}"
EndProject
Project("{8BC9CEB8-8B4A-11D0-8D11-00A0C91BC942}") = "hash3_spy", "hash3_spy\hash3_spy.vcxproj", "{6D51235A-EB3F-4911-8A70-4F8521EB4897}"
EndProject
Project("{8BC9CEB8-8B4A-11D0-8D11-00A0C91BC942}") = "hash4_playList", "hash4_playList\hash4_playList.vcxproj", "{C97D7D1C-EFCC-4D25-B2FA-5320FD76F746}"
EndProject
Project("{8BC9CEB8-8B4A-11D0-8D11-00A0C91BC942}") = "sort1_numberK", "sort1_numberK\sort1_numberK.vcxproj", "{3FAA5BB1-3127-4D68-B0BA-FD4BC2C3227C}"
EndProject
Project("{8BC9CEB8-8B4A-11D0-8D11-00A0C91BC942}") = "sort2_fxxxBigNumber", "sort2_fxxxBigNumber\sort2_fxxxBigNumber.vcxproj", "{702E0932-56DC-45A5-B644-B0A0FE057ABC}"
EndProject
Global
	GlobalSection(SolutionConfigurationPlatforms) = preSolution
		Debug|x64 = Debug|x64
		Debug|x86 = Debug|x86
		Release|x64 = Release|x64
		Release|x86 = Release|x86
	EndGlobalSection
	GlobalSection(ProjectConfigurationPlatforms) = postSolution
		{17F21BE3-EC3A-4B72-B84A-1E939D9C3908}.Debug|x64.ActiveCfg = Debug|x64
		{17F21BE3-EC3A-4B72-B84A-1E939D9C3908}.Debug|x64.Build.0 = Debug|x64
		{17F21BE3-EC3A-4B72-B84A-1E939D9C3908}.Debug|x86.ActiveCfg = Debug|Win32
		{17F21BE3-EC3A-4B72-B84A-1E939D9C3908}.Debug|x86.Build.0 = Debug|Win32
		{17F21BE3-EC3A-4B72-B84A-1E939D9C3908}.Release|x64.ActiveCfg = Release|x64
		{17F21BE3-EC3A-4B72-B84A-1E939D9C3908}.Release|x64.Build.0 = Release|x64
		{17F21BE3-EC3A-4B72-B84A-1E939D9C3908}.Release|x86.ActiveCfg = Release|Win32
		{17F21BE3-EC3A-4B72-B84A-1E939D9C3908}.Release|x86.Build.0 = Release|Win32
		{6D51235A-EB3F-4911-8A70-4F8521EB4897}.Debug|x64.ActiveCfg = Debug|x64
		{6D51235A-EB3F-4911-8A70-4F8521EB4897}.Debug|x64.Build.0 = Debug|x64
		{6D51235A-EB3F-4911-8A70-4F8521EB4897}.Debug|x86.ActiveCfg = Debug|Win32
		{6D51235A-EB3F-4911-8A70-4F8521EB4897}.Debug|x86.Build.0 = Debug|Win32
		{6D51235A-EB3F-4911-8A70-4F8521EB4897}.Release|x64.ActiveCfg = Release|x64
		{6D51235A-EB3F-4911-8A70-4F8521EB4897}.Release|x64.Build.0 = Release|x64
		{6D51235A-EB3F-4911-8A70-4F8521EB4897}.Release|x86.ActiveCfg = Release|Win32
		{6D51235A-EB3F-4911-8A70-4F8521EB4897}.Release|x86.Build.0 = Release|Win32
		{C97D7D1C-EFCC-4D25-B2FA-5320FD76F746}.Debug|x64.ActiveCfg = Debug|x64
		{C97D7D1C-EFCC-4D25-B2FA-5320FD76F746}.Debug|x64.Build.0 = Debug|x64
		{C97D7D1C-EFCC-4D25-B2FA-5320FD76F746}.Debug|x86.ActiveCfg = Debug|Win32
		{C97D7D1C-EFCC-4D25-B2FA-5320FD76F746}.Debug|x86.Build.0 = Debug|Win32
		{C97D7D1C-EFCC-4D25-B2FA-5320FD76F746}.Release|x64.ActiveCfg = Release|x64
		{C97D7D1C-EFCC-4D25-B2FA-5320FD76F746}.Release|x64.Build.0 = Release|x64
		{C97D7D1C-EFCC-4D25-B2FA-5320FD76F746}.Release|x86.ActiveCfg = Release|Win32
		{C97D7D1C-EFCC-4D25-B2FA-5320FD76F746}.Release|x86.Build.0 = Release|Win32
		{3FAA5BB1-3127-4D68-B0BA-FD4BC2C3227C}.Debug|x64.ActiveCfg = Debug|x64
		{3FAA5BB1-3127-4D68-B0BA-FD4BC2C3227C}.Debug|x64.Build.0 = Debug|x64
		{3FAA5BB1-3127-4D68-B0BA-FD4BC2C3227C}.Debug|x86.ActiveCfg = Debug|Win32
		{3FAA5BB1-3127-4D68-B0BA-FD4BC2C3227C}.Debug|x86.Build.0 = Debug|Win32
		{3FAA5BB1-3127-4D68-B0BA-FD4BC2C3227C}.Release|x64.ActiveCfg = Release|x64
		{3FAA5BB1-3127-4D68-B0BA-FD4BC2C3227C}.Release|x64.Build.0 = Release|x64
		{3FAA5BB1-3127-4D68-B0BA-FD4BC2C3227C}.Release|x86.ActiveCfg = Release|Win32
		{3FAA5BB1-3127-4D68-B0BA-FD4BC2C3227C}.Release|x86.Build.0 = Release|Win32
		{702E0932-56DC-45A5-B644-B0A0FE057ABC}.Debug|x64.ActiveCfg = Debug|x64
		{702E0932-56DC-45A5-B644-B0A0FE057ABC}.Debug|x64.Build.0 = Debug|x64
		{702E0932-56DC-45A5-B644-B0A0FE057ABC}.Debug|x86.ActiveCfg = Debug|Win32
		{702E0932-56DC-45A5-B644-B0A0FE057ABC}.Debug|x86.Build.0 = Debug|Win32
		{702E0932-56DC-45A5-B644-B0A0FE057ABC}.Release|x64.ActiveCfg = Release|x64
		{702E0932-56DC-45A5-B644-B0A0FE057ABC}.Release|x64.Build.0 = Release|x64
		{702E0932-56DC-45A5-B644-B0A0FE057ABC}.Release|x86.ActiveCfg = Release|Win32
		{702E0932-56DC-45A5-B644-B0A0FE057ABC}.Release|x86.Build.0 = Release|Win32
	EndGlobalSection
	GlobalSection(SolutionProperties) = preSolution
		HideSolutionNode = FALSE
	EndGlobalSection
	GlobalSection(ExtensibilityGlobals) = postSolution
		SolutionGuid = {C6147B85-2FA7-4383-B143-0F181BF541F8}
	EndGlobalSection
EndGlobal
