
Microsoft Visual Studio Solution File, Format Version 12.00
# Visual Studio Version 16
VisualStudioVersion = 16.0.31321.278
MinimumVisualStudioVersion = 10.0.40219.1
Project("{8BC9CEB8-8B4A-11D0-8D11-00A0C91BC942}") = "hash3_spy", "hash3_spy\hash3_spy.vcxproj", "{6D51235A-EB3F-4911-8A70-4F8521EB4897}"
EndProject
Project("{8BC9CEB8-8B4A-11D0-8D11-00A0C91BC942}") = "hash4_playList", "hash4_playList\hash4_playList.vcxproj", "{C97D7D1C-EFCC-4D25-B2FA-5320FD76F746}"
EndProject
Project("{8BC9CEB8-8B4A-11D0-8D11-00A0C91BC942}") = "sort1_numberK", "sort1_numberK\sort1_numberK.vcxproj", "{3FAA5BB1-3127-4D68-B0BA-FD4BC2C3227C}"
EndProject
Project("{8BC9CEB8-8B4A-11D0-8D11-00A0C91BC942}") = "sort2_fxxxBigNumber", "sort2_fxxxBigNumber\sort2_fxxxBigNumber.vcxproj", "{702E0932-56DC-45A5-B644-B0A0FE057ABC}"
EndProject
Project("{8BC9CEB8-8B4A-11D0-8D11-00A0C91BC942}") = "sort3_hIndex", "sort3_hIndex\sort3_hIndex.vcxproj", "{B9579636-34D4-4B1B-9E6B-1D3E273C2689}"
EndProject
Project("{8BC9CEB8-8B4A-11D0-8D11-00A0C91BC942}") = "stackQue1_functionRelease", "stackQue1_functionRelease\stackQue1_functionRelease.vcxproj", "{116C4D4F-4DAE-429E-BF15-6F8B2AACE047}"
EndProject
Project("{8BC9CEB8-8B4A-11D0-8D11-00A0C91BC942}") = "stackQue2_print", "stackQue2_print\stackQue2_print.vcxproj", "{C5715A3E-C68A-4644-9599-15A69A6C4006}"
EndProject
Project("{8BC9CEB8-8B4A-11D0-8D11-00A0C91BC942}") = "stackQue3_truck", "stackQue3_truck\stackQue3_truck.vcxproj", "{5403FDA9-2937-41CD-B003-F8590C0DF055}"
EndProject
Project("{8BC9CEB8-8B4A-11D0-8D11-00A0C91BC942}") = "stackQue4_price", "stackQue4_price\stackQue4_price.vcxproj", "{394B1CA3-BAB5-492E-A48C-192D1762AEA5}"
EndProject
Project("{8BC9CEB8-8B4A-11D0-8D11-00A0C91BC942}") = "hash2_prefix", "hash2_prefix\hash2_prefix.vcxproj", "{A6CA7244-C2A5-4CD5-80DB-093FC6702A2B}"
EndProject
Project("{8BC9CEB8-8B4A-11D0-8D11-00A0C91BC942}") = "heap1_scoville", "heap1_scoville\heap1_scoville.vcxproj", "{23734C64-A477-4A33-9E07-F5AEF0234201}"
EndProject
Project("{8BC9CEB8-8B4A-11D0-8D11-00A0C91BC942}") = "heap2_diskControl", "heap2_diskControl\heap2_diskControl.vcxproj", "{0058BDA5-5A31-408F-B38A-F705ACDEC974}"
EndProject
Project("{8BC9CEB8-8B4A-11D0-8D11-00A0C91BC942}") = "heap3_doublePriorityQueue", "heap3_doublePriorityQueue\heap3_doublePriorityQueue.vcxproj", "{B63AE7DD-D5F3-499D-AEC0-C23871966841}"
EndProject
Project("{8BC9CEB8-8B4A-11D0-8D11-00A0C91BC942}") = "fullNavigation1_checkRandom", "fullNavigation1_checkRandom\fullNavigation1_checkRandom.vcxproj", "{418DC012-0C4F-482A-8450-58DA9C09839C}"
EndProject
Project("{8BC9CEB8-8B4A-11D0-8D11-00A0C91BC942}") = "fullNavigation2_makePrimeNumber", "fullNavigation2_makePrimeNumber\fullNavigation2_makePrimeNumber.vcxproj", "{C5E86A61-8EBD-4960-A9D3-7483141C59A9}"
EndProject
Project("{8BC9CEB8-8B4A-11D0-8D11-00A0C91BC942}") = "fullNavigation3_carpet", "fullNavigation3_carpet\fullNavigation3_carpet.vcxproj", "{00BF0FE9-93E6-4447-A716-6FCC0655B48D}"
EndProject
Project("{8BC9CEB8-8B4A-11D0-8D11-00A0C91BC942}") = "greedy1_lostSuit", "greedy1_lostSuit\greedy1_lostSuit.vcxproj", "{BE9A3F18-D754-457B-9B30-E679371756F6}"
EndProject
Project("{8BC9CEB8-8B4A-11D0-8D11-00A0C91BC942}") = "greedy2_joystick", "greedy2_joystick\greedy2_joystick.vcxproj", "{9ADFFD61-B233-4130-8B06-AD8F19AF3B0D}"
EndProject
Project("{8BC9CEB8-8B4A-11D0-8D11-00A0C91BC942}") = "greedy3_makeBigNumber", "greedy3_makeBigNumber\greedy3_makeBigNumber.vcxproj", "{5B6BA982-E6DB-4F09-A35E-48068FAA42DD}"
EndProject
Project("{8BC9CEB8-8B4A-11D0-8D11-00A0C91BC942}") = "greedy4_boat", "greedy4_boat\greedy4_boat.vcxproj", "{DFB1BDB3-3607-4F07-9996-627993806AD1}"
EndProject
Project("{8BC9CEB8-8B4A-11D0-8D11-00A0C91BC942}") = "greedy5_island", "greedy5_island\greedy5_island.vcxproj", "{ACC954E7-4127-47A3-9962-AEF5794B162B}"
EndProject
Project("{8BC9CEB8-8B4A-11D0-8D11-00A0C91BC942}") = "greedy6_speedTrap", "greedy6_speedTrap\greedy6_speedTrap.vcxproj", "{64961CED-EF25-494A-8362-E495B7ED8A71}"
EndProject
Project("{8BC9CEB8-8B4A-11D0-8D11-00A0C91BC942}") = "DynamicProgramming1_N", "DynamicProgramming1_N\DynamicProgramming1_N.vcxproj", "{502580E4-4616-4ECE-8C4B-EC62E6525273}"
EndProject
Project("{8BC9CEB8-8B4A-11D0-8D11-00A0C91BC942}") = "DynamicProgramming2_NTriangle", "DynamicProgramming2_NTriangle\DynamicProgramming2_NTriangle.vcxproj", "{9C1A8CEE-0FE2-401E-9818-3EF1B83D22B1}"
EndProject
Project("{8BC9CEB8-8B4A-11D0-8D11-00A0C91BC942}") = "DynamicProgramming3_WayToSchool", "DynamicProgramming3_WayToSchool\DynamicProgramming3_WayToSchool.vcxproj", "{9C5CB36D-D51E-481E-B989-F1F67EFEF0E6}"
EndProject
Project("{8BC9CEB8-8B4A-11D0-8D11-00A0C91BC942}") = "DynamicProgramming4_BigTheft", "DynamicProgramming4_BigTheft\DynamicProgramming4_BigTheft.vcxproj", "{354B352A-1D20-4834-8A79-AFA54D21CEBE}"
EndProject
Project("{8BC9CEB8-8B4A-11D0-8D11-00A0C91BC942}") = "BinarySearch1_Immigration", "BinarySearch1_Immigration\BinarySearch1_Immigration.vcxproj", "{49F5E312-8F0F-4779-A83D-73E7B29EFFE0}"
EndProject
Global
	GlobalSection(SolutionConfigurationPlatforms) = preSolution
		Debug|x64 = Debug|x64
		Debug|x86 = Debug|x86
		Release|x64 = Release|x64
		Release|x86 = Release|x86
	EndGlobalSection
	GlobalSection(ProjectConfigurationPlatforms) = postSolution
		{6D51235A-EB3F-4911-8A70-4F8521EB4897}.Debug|x64.ActiveCfg = Debug|x64
		{6D51235A-EB3F-4911-8A70-4F8521EB4897}.Debug|x64.Build.0 = Debug|x64
		{6D51235A-EB3F-4911-8A70-4F8521EB4897}.Debug|x86.ActiveCfg = Debug|Win32
		{6D51235A-EB3F-4911-8A70-4F8521EB4897}.Debug|x86.Build.0 = Debug|Win32
		{6D51235A-EB3F-4911-8A70-4F8521EB4897}.Release|x64.ActiveCfg = Release|x64
		{6D51235A-EB3F-4911-8A70-4F8521EB4897}.Release|x64.Build.0 = Release|x64
		{6D51235A-EB3F-4911-8A70-4F8521EB4897}.Release|x86.ActiveCfg = Release|Win32
		{6D51235A-EB3F-4911-8A70-4F8521EB4897}.Release|x86.Build.0 = Release|Win32
		{C97D7D1C-EFCC-4D25-B2FA-5320FD76F746}.Debug|x64.ActiveCfg = Debug|x64
		{C97D7D1C-EFCC-4D25-B2FA-5320FD76F746}.Debug|x64.Build.0 = Debug|x64
		{C97D7D1C-EFCC-4D25-B2FA-5320FD76F746}.Debug|x86.ActiveCfg = Debug|Win32
		{C97D7D1C-EFCC-4D25-B2FA-5320FD76F746}.Debug|x86.Build.0 = Debug|Win32
		{C97D7D1C-EFCC-4D25-B2FA-5320FD76F746}.Release|x64.ActiveCfg = Release|x64
		{C97D7D1C-EFCC-4D25-B2FA-5320FD76F746}.Release|x64.Build.0 = Release|x64
		{C97D7D1C-EFCC-4D25-B2FA-5320FD76F746}.Release|x86.ActiveCfg = Release|Win32
		{C97D7D1C-EFCC-4D25-B2FA-5320FD76F746}.Release|x86.Build.0 = Release|Win32
		{3FAA5BB1-3127-4D68-B0BA-FD4BC2C3227C}.Debug|x64.ActiveCfg = Debug|x64
		{3FAA5BB1-3127-4D68-B0BA-FD4BC2C3227C}.Debug|x64.Build.0 = Debug|x64
		{3FAA5BB1-3127-4D68-B0BA-FD4BC2C3227C}.Debug|x86.ActiveCfg = Debug|Win32
		{3FAA5BB1-3127-4D68-B0BA-FD4BC2C3227C}.Debug|x86.Build.0 = Debug|Win32
		{3FAA5BB1-3127-4D68-B0BA-FD4BC2C3227C}.Release|x64.ActiveCfg = Release|x64
		{3FAA5BB1-3127-4D68-B0BA-FD4BC2C3227C}.Release|x64.Build.0 = Release|x64
		{3FAA5BB1-3127-4D68-B0BA-FD4BC2C3227C}.Release|x86.ActiveCfg = Release|Win32
		{3FAA5BB1-3127-4D68-B0BA-FD4BC2C3227C}.Release|x86.Build.0 = Release|Win32
		{702E0932-56DC-45A5-B644-B0A0FE057ABC}.Debug|x64.ActiveCfg = Debug|x64
		{702E0932-56DC-45A5-B644-B0A0FE057ABC}.Debug|x64.Build.0 = Debug|x64
		{702E0932-56DC-45A5-B644-B0A0FE057ABC}.Debug|x86.ActiveCfg = Debug|Win32
		{702E0932-56DC-45A5-B644-B0A0FE057ABC}.Debug|x86.Build.0 = Debug|Win32
		{702E0932-56DC-45A5-B644-B0A0FE057ABC}.Release|x64.ActiveCfg = Release|x64
		{702E0932-56DC-45A5-B644-B0A0FE057ABC}.Release|x64.Build.0 = Release|x64
		{702E0932-56DC-45A5-B644-B0A0FE057ABC}.Release|x86.ActiveCfg = Release|Win32
		{702E0932-56DC-45A5-B644-B0A0FE057ABC}.Release|x86.Build.0 = Release|Win32
		{B9579636-34D4-4B1B-9E6B-1D3E273C2689}.Debug|x64.ActiveCfg = Debug|x64
		{B9579636-34D4-4B1B-9E6B-1D3E273C2689}.Debug|x64.Build.0 = Debug|x64
		{B9579636-34D4-4B1B-9E6B-1D3E273C2689}.Debug|x86.ActiveCfg = Debug|Win32
		{B9579636-34D4-4B1B-9E6B-1D3E273C2689}.Debug|x86.Build.0 = Debug|Win32
		{B9579636-34D4-4B1B-9E6B-1D3E273C2689}.Release|x64.ActiveCfg = Release|x64
		{B9579636-34D4-4B1B-9E6B-1D3E273C2689}.Release|x64.Build.0 = Release|x64
		{B9579636-34D4-4B1B-9E6B-1D3E273C2689}.Release|x86.ActiveCfg = Release|Win32
		{B9579636-34D4-4B1B-9E6B-1D3E273C2689}.Release|x86.Build.0 = Release|Win32
		{116C4D4F-4DAE-429E-BF15-6F8B2AACE047}.Debug|x64.ActiveCfg = Debug|x64
		{116C4D4F-4DAE-429E-BF15-6F8B2AACE047}.Debug|x64.Build.0 = Debug|x64
		{116C4D4F-4DAE-429E-BF15-6F8B2AACE047}.Debug|x86.ActiveCfg = Debug|Win32
		{116C4D4F-4DAE-429E-BF15-6F8B2AACE047}.Debug|x86.Build.0 = Debug|Win32
		{116C4D4F-4DAE-429E-BF15-6F8B2AACE047}.Release|x64.ActiveCfg = Release|x64
		{116C4D4F-4DAE-429E-BF15-6F8B2AACE047}.Release|x64.Build.0 = Release|x64
		{116C4D4F-4DAE-429E-BF15-6F8B2AACE047}.Release|x86.ActiveCfg = Release|Win32
		{116C4D4F-4DAE-429E-BF15-6F8B2AACE047}.Release|x86.Build.0 = Release|Win32
		{C5715A3E-C68A-4644-9599-15A69A6C4006}.Debug|x64.ActiveCfg = Debug|x64
		{C5715A3E-C68A-4644-9599-15A69A6C4006}.Debug|x64.Build.0 = Debug|x64
		{C5715A3E-C68A-4644-9599-15A69A6C4006}.Debug|x86.ActiveCfg = Debug|Win32
		{C5715A3E-C68A-4644-9599-15A69A6C4006}.Debug|x86.Build.0 = Debug|Win32
		{C5715A3E-C68A-4644-9599-15A69A6C4006}.Release|x64.ActiveCfg = Release|x64
		{C5715A3E-C68A-4644-9599-15A69A6C4006}.Release|x64.Build.0 = Release|x64
		{C5715A3E-C68A-4644-9599-15A69A6C4006}.Release|x86.ActiveCfg = Release|Win32
		{C5715A3E-C68A-4644-9599-15A69A6C4006}.Release|x86.Build.0 = Release|Win32
		{5403FDA9-2937-41CD-B003-F8590C0DF055}.Debug|x64.ActiveCfg = Debug|x64
		{5403FDA9-2937-41CD-B003-F8590C0DF055}.Debug|x64.Build.0 = Debug|x64
		{5403FDA9-2937-41CD-B003-F8590C0DF055}.Debug|x86.ActiveCfg = Debug|Win32
		{5403FDA9-2937-41CD-B003-F8590C0DF055}.Debug|x86.Build.0 = Debug|Win32
		{5403FDA9-2937-41CD-B003-F8590C0DF055}.Release|x64.ActiveCfg = Release|x64
		{5403FDA9-2937-41CD-B003-F8590C0DF055}.Release|x64.Build.0 = Release|x64
		{5403FDA9-2937-41CD-B003-F8590C0DF055}.Release|x86.ActiveCfg = Release|Win32
		{5403FDA9-2937-41CD-B003-F8590C0DF055}.Release|x86.Build.0 = Release|Win32
		{394B1CA3-BAB5-492E-A48C-192D1762AEA5}.Debug|x64.ActiveCfg = Debug|x64
		{394B1CA3-BAB5-492E-A48C-192D1762AEA5}.Debug|x64.Build.0 = Debug|x64
		{394B1CA3-BAB5-492E-A48C-192D1762AEA5}.Debug|x86.ActiveCfg = Debug|Win32
		{394B1CA3-BAB5-492E-A48C-192D1762AEA5}.Debug|x86.Build.0 = Debug|Win32
		{394B1CA3-BAB5-492E-A48C-192D1762AEA5}.Release|x64.ActiveCfg = Release|x64
		{394B1CA3-BAB5-492E-A48C-192D1762AEA5}.Release|x64.Build.0 = Release|x64
		{394B1CA3-BAB5-492E-A48C-192D1762AEA5}.Release|x86.ActiveCfg = Release|Win32
		{394B1CA3-BAB5-492E-A48C-192D1762AEA5}.Release|x86.Build.0 = Release|Win32
		{A6CA7244-C2A5-4CD5-80DB-093FC6702A2B}.Debug|x64.ActiveCfg = Debug|x64
		{A6CA7244-C2A5-4CD5-80DB-093FC6702A2B}.Debug|x64.Build.0 = Debug|x64
		{A6CA7244-C2A5-4CD5-80DB-093FC6702A2B}.Debug|x86.ActiveCfg = Debug|Win32
		{A6CA7244-C2A5-4CD5-80DB-093FC6702A2B}.Debug|x86.Build.0 = Debug|Win32
		{A6CA7244-C2A5-4CD5-80DB-093FC6702A2B}.Release|x64.ActiveCfg = Release|x64
		{A6CA7244-C2A5-4CD5-80DB-093FC6702A2B}.Release|x64.Build.0 = Release|x64
		{A6CA7244-C2A5-4CD5-80DB-093FC6702A2B}.Release|x86.ActiveCfg = Release|Win32
		{A6CA7244-C2A5-4CD5-80DB-093FC6702A2B}.Release|x86.Build.0 = Release|Win32
		{23734C64-A477-4A33-9E07-F5AEF0234201}.Debug|x64.ActiveCfg = Debug|x64
		{23734C64-A477-4A33-9E07-F5AEF0234201}.Debug|x64.Build.0 = Debug|x64
		{23734C64-A477-4A33-9E07-F5AEF0234201}.Debug|x86.ActiveCfg = Debug|Win32
		{23734C64-A477-4A33-9E07-F5AEF0234201}.Debug|x86.Build.0 = Debug|Win32
		{23734C64-A477-4A33-9E07-F5AEF0234201}.Release|x64.ActiveCfg = Release|x64
		{23734C64-A477-4A33-9E07-F5AEF0234201}.Release|x64.Build.0 = Release|x64
		{23734C64-A477-4A33-9E07-F5AEF0234201}.Release|x86.ActiveCfg = Release|Win32
		{23734C64-A477-4A33-9E07-F5AEF0234201}.Release|x86.Build.0 = Release|Win32
		{0058BDA5-5A31-408F-B38A-F705ACDEC974}.Debug|x64.ActiveCfg = Debug|x64
		{0058BDA5-5A31-408F-B38A-F705ACDEC974}.Debug|x64.Build.0 = Debug|x64
		{0058BDA5-5A31-408F-B38A-F705ACDEC974}.Debug|x86.ActiveCfg = Debug|Win32
		{0058BDA5-5A31-408F-B38A-F705ACDEC974}.Debug|x86.Build.0 = Debug|Win32
		{0058BDA5-5A31-408F-B38A-F705ACDEC974}.Release|x64.ActiveCfg = Release|x64
		{0058BDA5-5A31-408F-B38A-F705ACDEC974}.Release|x64.Build.0 = Release|x64
		{0058BDA5-5A31-408F-B38A-F705ACDEC974}.Release|x86.ActiveCfg = Release|Win32
		{0058BDA5-5A31-408F-B38A-F705ACDEC974}.Release|x86.Build.0 = Release|Win32
		{B63AE7DD-D5F3-499D-AEC0-C23871966841}.Debug|x64.ActiveCfg = Debug|x64
		{B63AE7DD-D5F3-499D-AEC0-C23871966841}.Debug|x64.Build.0 = Debug|x64
		{B63AE7DD-D5F3-499D-AEC0-C23871966841}.Debug|x86.ActiveCfg = Debug|Win32
		{B63AE7DD-D5F3-499D-AEC0-C23871966841}.Debug|x86.Build.0 = Debug|Win32
		{B63AE7DD-D5F3-499D-AEC0-C23871966841}.Release|x64.ActiveCfg = Release|x64
		{B63AE7DD-D5F3-499D-AEC0-C23871966841}.Release|x64.Build.0 = Release|x64
		{B63AE7DD-D5F3-499D-AEC0-C23871966841}.Release|x86.ActiveCfg = Release|Win32
		{B63AE7DD-D5F3-499D-AEC0-C23871966841}.Release|x86.Build.0 = Release|Win32
		{418DC012-0C4F-482A-8450-58DA9C09839C}.Debug|x64.ActiveCfg = Debug|x64
		{418DC012-0C4F-482A-8450-58DA9C09839C}.Debug|x64.Build.0 = Debug|x64
		{418DC012-0C4F-482A-8450-58DA9C09839C}.Debug|x86.ActiveCfg = Debug|Win32
		{418DC012-0C4F-482A-8450-58DA9C09839C}.Debug|x86.Build.0 = Debug|Win32
		{418DC012-0C4F-482A-8450-58DA9C09839C}.Release|x64.ActiveCfg = Release|x64
		{418DC012-0C4F-482A-8450-58DA9C09839C}.Release|x64.Build.0 = Release|x64
		{418DC012-0C4F-482A-8450-58DA9C09839C}.Release|x86.ActiveCfg = Release|Win32
		{418DC012-0C4F-482A-8450-58DA9C09839C}.Release|x86.Build.0 = Release|Win32
		{C5E86A61-8EBD-4960-A9D3-7483141C59A9}.Debug|x64.ActiveCfg = Debug|x64
		{C5E86A61-8EBD-4960-A9D3-7483141C59A9}.Debug|x64.Build.0 = Debug|x64
		{C5E86A61-8EBD-4960-A9D3-7483141C59A9}.Debug|x86.ActiveCfg = Debug|Win32
		{C5E86A61-8EBD-4960-A9D3-7483141C59A9}.Debug|x86.Build.0 = Debug|Win32
		{C5E86A61-8EBD-4960-A9D3-7483141C59A9}.Release|x64.ActiveCfg = Release|x64
		{C5E86A61-8EBD-4960-A9D3-7483141C59A9}.Release|x64.Build.0 = Release|x64
		{C5E86A61-8EBD-4960-A9D3-7483141C59A9}.Release|x86.ActiveCfg = Release|Win32
		{C5E86A61-8EBD-4960-A9D3-7483141C59A9}.Release|x86.Build.0 = Release|Win32
		{00BF0FE9-93E6-4447-A716-6FCC0655B48D}.Debug|x64.ActiveCfg = Debug|x64
		{00BF0FE9-93E6-4447-A716-6FCC0655B48D}.Debug|x64.Build.0 = Debug|x64
		{00BF0FE9-93E6-4447-A716-6FCC0655B48D}.Debug|x86.ActiveCfg = Debug|Win32
		{00BF0FE9-93E6-4447-A716-6FCC0655B48D}.Debug|x86.Build.0 = Debug|Win32
		{00BF0FE9-93E6-4447-A716-6FCC0655B48D}.Release|x64.ActiveCfg = Release|x64
		{00BF0FE9-93E6-4447-A716-6FCC0655B48D}.Release|x64.Build.0 = Release|x64
		{00BF0FE9-93E6-4447-A716-6FCC0655B48D}.Release|x86.ActiveCfg = Release|Win32
		{00BF0FE9-93E6-4447-A716-6FCC0655B48D}.Release|x86.Build.0 = Release|Win32
		{BE9A3F18-D754-457B-9B30-E679371756F6}.Debug|x64.ActiveCfg = Debug|x64
		{BE9A3F18-D754-457B-9B30-E679371756F6}.Debug|x64.Build.0 = Debug|x64
		{BE9A3F18-D754-457B-9B30-E679371756F6}.Debug|x86.ActiveCfg = Debug|Win32
		{BE9A3F18-D754-457B-9B30-E679371756F6}.Debug|x86.Build.0 = Debug|Win32
		{BE9A3F18-D754-457B-9B30-E679371756F6}.Release|x64.ActiveCfg = Release|x64
		{BE9A3F18-D754-457B-9B30-E679371756F6}.Release|x64.Build.0 = Release|x64
		{BE9A3F18-D754-457B-9B30-E679371756F6}.Release|x86.ActiveCfg = Release|Win32
		{BE9A3F18-D754-457B-9B30-E679371756F6}.Release|x86.Build.0 = Release|Win32
		{9ADFFD61-B233-4130-8B06-AD8F19AF3B0D}.Debug|x64.ActiveCfg = Debug|x64
		{9ADFFD61-B233-4130-8B06-AD8F19AF3B0D}.Debug|x64.Build.0 = Debug|x64
		{9ADFFD61-B233-4130-8B06-AD8F19AF3B0D}.Debug|x86.ActiveCfg = Debug|Win32
		{9ADFFD61-B233-4130-8B06-AD8F19AF3B0D}.Debug|x86.Build.0 = Debug|Win32
		{9ADFFD61-B233-4130-8B06-AD8F19AF3B0D}.Release|x64.ActiveCfg = Release|x64
		{9ADFFD61-B233-4130-8B06-AD8F19AF3B0D}.Release|x64.Build.0 = Release|x64
		{9ADFFD61-B233-4130-8B06-AD8F19AF3B0D}.Release|x86.ActiveCfg = Release|Win32
		{9ADFFD61-B233-4130-8B06-AD8F19AF3B0D}.Release|x86.Build.0 = Release|Win32
		{5B6BA982-E6DB-4F09-A35E-48068FAA42DD}.Debug|x64.ActiveCfg = Debug|x64
		{5B6BA982-E6DB-4F09-A35E-48068FAA42DD}.Debug|x64.Build.0 = Debug|x64
		{5B6BA982-E6DB-4F09-A35E-48068FAA42DD}.Debug|x86.ActiveCfg = Debug|Win32
		{5B6BA982-E6DB-4F09-A35E-48068FAA42DD}.Debug|x86.Build.0 = Debug|Win32
		{5B6BA982-E6DB-4F09-A35E-48068FAA42DD}.Release|x64.ActiveCfg = Release|x64
		{5B6BA982-E6DB-4F09-A35E-48068FAA42DD}.Release|x64.Build.0 = Release|x64
		{5B6BA982-E6DB-4F09-A35E-48068FAA42DD}.Release|x86.ActiveCfg = Release|Win32
		{5B6BA982-E6DB-4F09-A35E-48068FAA42DD}.Release|x86.Build.0 = Release|Win32
		{DFB1BDB3-3607-4F07-9996-627993806AD1}.Debug|x64.ActiveCfg = Debug|x64
		{DFB1BDB3-3607-4F07-9996-627993806AD1}.Debug|x64.Build.0 = Debug|x64
		{DFB1BDB3-3607-4F07-9996-627993806AD1}.Debug|x86.ActiveCfg = Debug|Win32
		{DFB1BDB3-3607-4F07-9996-627993806AD1}.Debug|x86.Build.0 = Debug|Win32
		{DFB1BDB3-3607-4F07-9996-627993806AD1}.Release|x64.ActiveCfg = Release|x64
		{DFB1BDB3-3607-4F07-9996-627993806AD1}.Release|x64.Build.0 = Release|x64
		{DFB1BDB3-3607-4F07-9996-627993806AD1}.Release|x86.ActiveCfg = Release|Win32
		{DFB1BDB3-3607-4F07-9996-627993806AD1}.Release|x86.Build.0 = Release|Win32
		{ACC954E7-4127-47A3-9962-AEF5794B162B}.Debug|x64.ActiveCfg = Debug|x64
		{ACC954E7-4127-47A3-9962-AEF5794B162B}.Debug|x64.Build.0 = Debug|x64
		{ACC954E7-4127-47A3-9962-AEF5794B162B}.Debug|x86.ActiveCfg = Debug|Win32
		{ACC954E7-4127-47A3-9962-AEF5794B162B}.Debug|x86.Build.0 = Debug|Win32
		{ACC954E7-4127-47A3-9962-AEF5794B162B}.Release|x64.ActiveCfg = Release|x64
		{ACC954E7-4127-47A3-9962-AEF5794B162B}.Release|x64.Build.0 = Release|x64
		{ACC954E7-4127-47A3-9962-AEF5794B162B}.Release|x86.ActiveCfg = Release|Win32
		{ACC954E7-4127-47A3-9962-AEF5794B162B}.Release|x86.Build.0 = Release|Win32
		{64961CED-EF25-494A-8362-E495B7ED8A71}.Debug|x64.ActiveCfg = Debug|x64
		{64961CED-EF25-494A-8362-E495B7ED8A71}.Debug|x64.Build.0 = Debug|x64
		{64961CED-EF25-494A-8362-E495B7ED8A71}.Debug|x86.ActiveCfg = Debug|Win32
		{64961CED-EF25-494A-8362-E495B7ED8A71}.Debug|x86.Build.0 = Debug|Win32
		{64961CED-EF25-494A-8362-E495B7ED8A71}.Release|x64.ActiveCfg = Release|x64
		{64961CED-EF25-494A-8362-E495B7ED8A71}.Release|x64.Build.0 = Release|x64
		{64961CED-EF25-494A-8362-E495B7ED8A71}.Release|x86.ActiveCfg = Release|Win32
		{64961CED-EF25-494A-8362-E495B7ED8A71}.Release|x86.Build.0 = Release|Win32
		{502580E4-4616-4ECE-8C4B-EC62E6525273}.Debug|x64.ActiveCfg = Debug|x64
		{502580E4-4616-4ECE-8C4B-EC62E6525273}.Debug|x64.Build.0 = Debug|x64
		{502580E4-4616-4ECE-8C4B-EC62E6525273}.Debug|x86.ActiveCfg = Debug|Win32
		{502580E4-4616-4ECE-8C4B-EC62E6525273}.Debug|x86.Build.0 = Debug|Win32
		{502580E4-4616-4ECE-8C4B-EC62E6525273}.Release|x64.ActiveCfg = Release|x64
		{502580E4-4616-4ECE-8C4B-EC62E6525273}.Release|x64.Build.0 = Release|x64
		{502580E4-4616-4ECE-8C4B-EC62E6525273}.Release|x86.ActiveCfg = Release|Win32
		{502580E4-4616-4ECE-8C4B-EC62E6525273}.Release|x86.Build.0 = Release|Win32
		{9C1A8CEE-0FE2-401E-9818-3EF1B83D22B1}.Debug|x64.ActiveCfg = Debug|x64
		{9C1A8CEE-0FE2-401E-9818-3EF1B83D22B1}.Debug|x64.Build.0 = Debug|x64
		{9C1A8CEE-0FE2-401E-9818-3EF1B83D22B1}.Debug|x86.ActiveCfg = Debug|Win32
		{9C1A8CEE-0FE2-401E-9818-3EF1B83D22B1}.Debug|x86.Build.0 = Debug|Win32
		{9C1A8CEE-0FE2-401E-9818-3EF1B83D22B1}.Release|x64.ActiveCfg = Release|x64
		{9C1A8CEE-0FE2-401E-9818-3EF1B83D22B1}.Release|x64.Build.0 = Release|x64
		{9C1A8CEE-0FE2-401E-9818-3EF1B83D22B1}.Release|x86.ActiveCfg = Release|Win32
		{9C1A8CEE-0FE2-401E-9818-3EF1B83D22B1}.Release|x86.Build.0 = Release|Win32
		{9C5CB36D-D51E-481E-B989-F1F67EFEF0E6}.Debug|x64.ActiveCfg = Debug|x64
		{9C5CB36D-D51E-481E-B989-F1F67EFEF0E6}.Debug|x64.Build.0 = Debug|x64
		{9C5CB36D-D51E-481E-B989-F1F67EFEF0E6}.Debug|x86.ActiveCfg = Debug|Win32
		{9C5CB36D-D51E-481E-B989-F1F67EFEF0E6}.Debug|x86.Build.0 = Debug|Win32
		{9C5CB36D-D51E-481E-B989-F1F67EFEF0E6}.Release|x64.ActiveCfg = Release|x64
		{9C5CB36D-D51E-481E-B989-F1F67EFEF0E6}.Release|x64.Build.0 = Release|x64
		{9C5CB36D-D51E-481E-B989-F1F67EFEF0E6}.Release|x86.ActiveCfg = Release|Win32
		{9C5CB36D-D51E-481E-B989-F1F67EFEF0E6}.Release|x86.Build.0 = Release|Win32
		{354B352A-1D20-4834-8A79-AFA54D21CEBE}.Debug|x64.ActiveCfg = Debug|x64
		{354B352A-1D20-4834-8A79-AFA54D21CEBE}.Debug|x64.Build.0 = Debug|x64
		{354B352A-1D20-4834-8A79-AFA54D21CEBE}.Debug|x86.ActiveCfg = Debug|Win32
		{354B352A-1D20-4834-8A79-AFA54D21CEBE}.Debug|x86.Build.0 = Debug|Win32
		{354B352A-1D20-4834-8A79-AFA54D21CEBE}.Release|x64.ActiveCfg = Release|x64
		{354B352A-1D20-4834-8A79-AFA54D21CEBE}.Release|x64.Build.0 = Release|x64
		{354B352A-1D20-4834-8A79-AFA54D21CEBE}.Release|x86.ActiveCfg = Release|Win32
		{354B352A-1D20-4834-8A79-AFA54D21CEBE}.Release|x86.Build.0 = Release|Win32
		{49F5E312-8F0F-4779-A83D-73E7B29EFFE0}.Debug|x64.ActiveCfg = Debug|x64
		{49F5E312-8F0F-4779-A83D-73E7B29EFFE0}.Debug|x64.Build.0 = Debug|x64
		{49F5E312-8F0F-4779-A83D-73E7B29EFFE0}.Debug|x86.ActiveCfg = Debug|Win32
		{49F5E312-8F0F-4779-A83D-73E7B29EFFE0}.Debug|x86.Build.0 = Debug|Win32
		{49F5E312-8F0F-4779-A83D-73E7B29EFFE0}.Release|x64.ActiveCfg = Release|x64
		{49F5E312-8F0F-4779-A83D-73E7B29EFFE0}.Release|x64.Build.0 = Release|x64
		{49F5E312-8F0F-4779-A83D-73E7B29EFFE0}.Release|x86.ActiveCfg = Release|Win32
		{49F5E312-8F0F-4779-A83D-73E7B29EFFE0}.Release|x86.Build.0 = Release|Win32
	EndGlobalSection
	GlobalSection(SolutionProperties) = preSolution
		HideSolutionNode = FALSE
	EndGlobalSection
	GlobalSection(ExtensibilityGlobals) = postSolution
		SolutionGuid = {C6147B85-2FA7-4383-B143-0F181BF541F8}
	EndGlobalSection
EndGlobal
